
Microsoft Visual Studio Solution File, Format Version 12.00
# Visual Studio Version 17
VisualStudioVersion = 17.3.32819.101
MinimumVisualStudioVersion = 10.0.40219.1
Project("{9A19103F-16F7-4668-BE54-9A1E7A4F7556}") = "31.App.Modules.KW_TEMPLATE.Application", "App.Modules.KW_TEMPLATE.Application\31.App.Modules.KW_TEMPLATE.Application.csproj", "{A9DB5A90-BAD4-4828-8D6C-8839E6AC46ED}"
EndProject
Project("{9A19103F-16F7-4668-BE54-9A1E7A4F7556}") = "61.App.Modules.KW_TEMPLATE.Shared", "App.Modules.KW_TEMPLATE.Shared\61.App.Modules.KW_TEMPLATE.Shared.csproj", "{35AFA4E2-D1CA-4419-BB72-5491B7E7BED5}"
EndProject
Project("{9A19103F-16F7-4668-BE54-9A1E7A4F7556}") = "41.App.Modules.KW_TEMPLATE.Domain", "App.Modules.KW_TEMPLATE.Domain\41.App.Modules.KW_TEMPLATE.Domain.csproj", "{E3C22679-9D8E-4606-A487-BB079203453B}"
EndProject
Project("{9A19103F-16F7-4668-BE54-9A1E7A4F7556}") = "51.App.Modules.KW_TEMPLATE.Infrastructure", "App.Modules.KW_TEMPLATE.Infrastructure\51.App.Modules.KW_TEMPLATE.Infrastructure.csproj", "{7E067D68-DEB5-4CCE-B589-06F7CFD07BA6}"
EndProject
Project("{9A19103F-16F7-4668-BE54-9A1E7A4F7556}") = "52.App.Modules.KW_TEMPLATE.Infrastructure.Data.Storage.Db.EF", "App.Modules.KW_TEMPLATE.Infrastructure.Data.Storage.Db.EF\52.App.Modules.KW_TEMPLATE.Infrastructure.Data.Storage.Db.EF.csproj", "{82A0DD97-7D79-44F3-8D5A-E3279B73639E}"
EndProject
Project("{9A19103F-16F7-4668-BE54-9A1E7A4F7556}") = "21.App.Modules.KW_TEMPLATE.Presentation.Web", "App.Modules.KW_TEMPLATE.Presentation.Web\21.App.Modules.KW_TEMPLATE.Presentation.Web.csproj", "{16CE0817-0A67-46B7-91CD-C1229E5DAB60}"
EndProject
Project("{2150E333-8FDC-42A3-9474-1A3956D46DE8}") = "ENVIRONMENT", "ENVIRONMENT", "{20DCE25B-EBC0-4A68-97EF-001EEF70000E}"
	ProjectSection(SolutionItems) = preProject
		..\.gitignore = ..\.gitignore
	EndProjectSection
EndProject
Project("{2150E333-8FDC-42A3-9474-1A3956D46DE8}") = "SOURCE", "SOURCE", "{75BC0FE5-7205-455E-B093-FB22EA6303DB}"
EndProject
Global
	GlobalSection(SolutionConfigurationPlatforms) = preSolution
		Debug|Any CPU = Debug|Any CPU
		Release|Any CPU = Release|Any CPU
	EndGlobalSection
	GlobalSection(ProjectConfigurationPlatforms) = postSolution
		{A9DB5A90-BAD4-4828-8D6C-8839E6AC46ED}.Debug|Any CPU.ActiveCfg = Debug|Any CPU
		{A9DB5A90-BAD4-4828-8D6C-8839E6AC46ED}.Debug|Any CPU.Build.0 = Debug|Any CPU
		{A9DB5A90-BAD4-4828-8D6C-8839E6AC46ED}.Release|Any CPU.ActiveCfg = Release|Any CPU
		{A9DB5A90-BAD4-4828-8D6C-8839E6AC46ED}.Release|Any CPU.Build.0 = Release|Any CPU
		{35AFA4E2-D1CA-4419-BB72-5491B7E7BED5}.Debug|Any CPU.ActiveCfg = Debug|Any CPU
		{35AFA4E2-D1CA-4419-BB72-5491B7E7BED5}.Debug|Any CPU.Build.0 = Debug|Any CPU
		{35AFA4E2-D1CA-4419-BB72-5491B7E7BED5}.Release|Any CPU.ActiveCfg = Release|Any CPU
		{35AFA4E2-D1CA-4419-BB72-5491B7E7BED5}.Release|Any CPU.Build.0 = Release|Any CPU
		{E3C22679-9D8E-4606-A487-BB079203453B}.Debug|Any CPU.ActiveCfg = Debug|Any CPU
		{E3C22679-9D8E-4606-A487-BB079203453B}.Debug|Any CPU.Build.0 = Debug|Any CPU
		{E3C22679-9D8E-4606-A487-BB079203453B}.Release|Any CPU.ActiveCfg = Release|Any CPU
		{E3C22679-9D8E-4606-A487-BB079203453B}.Release|Any CPU.Build.0 = Release|Any CPU
		{7E067D68-DEB5-4CCE-B589-06F7CFD07BA6}.Debug|Any CPU.ActiveCfg = Debug|Any CPU
		{7E067D68-DEB5-4CCE-B589-06F7CFD07BA6}.Debug|Any CPU.Build.0 = Debug|Any CPU
		{7E067D68-DEB5-4CCE-B589-06F7CFD07BA6}.Release|Any CPU.ActiveCfg = Release|Any CPU
		{7E067D68-DEB5-4CCE-B589-06F7CFD07BA6}.Release|Any CPU.Build.0 = Release|Any CPU
		{82A0DD97-7D79-44F3-8D5A-E3279B73639E}.Debug|Any CPU.ActiveCfg = Debug|Any CPU
		{82A0DD97-7D79-44F3-8D5A-E3279B73639E}.Debug|Any CPU.Build.0 = Debug|Any CPU
		{82A0DD97-7D79-44F3-8D5A-E3279B73639E}.Release|Any CPU.ActiveCfg = Release|Any CPU
		{82A0DD97-7D79-44F3-8D5A-E3279B73639E}.Release|Any CPU.Build.0 = Release|Any CPU
		{16CE0817-0A67-46B7-91CD-C1229E5DAB60}.Debug|Any CPU.ActiveCfg = Debug|Any CPU
		{16CE0817-0A67-46B7-91CD-C1229E5DAB60}.Debug|Any CPU.Build.0 = Debug|Any CPU
		{16CE0817-0A67-46B7-91CD-C1229E5DAB60}.Release|Any CPU.ActiveCfg = Release|Any CPU
		{16CE0817-0A67-46B7-91CD-C1229E5DAB60}.Release|Any CPU.Build.0 = Release|Any CPU
	EndGlobalSection
	GlobalSection(SolutionProperties) = preSolution
		HideSolutionNode = FALSE
	EndGlobalSection
	GlobalSection(NestedProjects) = preSolution
		{A9DB5A90-BAD4-4828-8D6C-8839E6AC46ED} = {75BC0FE5-7205-455E-B093-FB22EA6303DB}
		{35AFA4E2-D1CA-4419-BB72-5491B7E7BED5} = {75BC0FE5-7205-455E-B093-FB22EA6303DB}
		{E3C22679-9D8E-4606-A487-BB079203453B} = {75BC0FE5-7205-455E-B093-FB22EA6303DB}
		{7E067D68-DEB5-4CCE-B589-06F7CFD07BA6} = {75BC0FE5-7205-455E-B093-FB22EA6303DB}
		{82A0DD97-7D79-44F3-8D5A-E3279B73639E} = {75BC0FE5-7205-455E-B093-FB22EA6303DB}
		{16CE0817-0A67-46B7-91CD-C1229E5DAB60} = {75BC0FE5-7205-455E-B093-FB22EA6303DB}
	EndGlobalSection
	GlobalSection(ExtensibilityGlobals) = postSolution
		SolutionGuid = {BDB442BB-D4EA-49AF-A7FF-ADF9F0EADC57}
	EndGlobalSection
EndGlobal
